
Microsoft Visual Studio Solution File, Format Version 11.00
# Visual Studio 2010
Project("{8BC9CEB8-8B4A-11D0-8D11-00A0C91BC942}") = "ThreadsIntegrate", "ThreadsIntegrate\ThreadsIntegrate.vcxproj", "{4DC6B867-DD35-42B6-96DE-6768C084A2B9}"
EndProject
Global
	GlobalSection(SolutionConfigurationPlatforms) = preSolution
		Debug|Win32 = Debug|Win32
		Release|Win32 = Release|Win32
	EndGlobalSection
	GlobalSection(ProjectConfigurationPlatforms) = postSolution
		{4DC6B867-DD35-42B6-96DE-6768C084A2B9}.Debug|Win32.ActiveCfg = Debug|Win32
		{4DC6B867-DD35-42B6-96DE-6768C084A2B9}.Debug|Win32.Build.0 = Debug|Win32
		{4DC6B867-DD35-42B6-96DE-6768C084A2B9}.Release|Win32.ActiveCfg = Release|Win32
		{4DC6B867-DD35-42B6-96DE-6768C084A2B9}.Release|Win32.Build.0 = Release|Win32
	EndGlobalSection
	GlobalSection(SolutionProperties) = preSolution
		HideSolutionNode = FALSE
	EndGlobalSection
EndGlobal
